[[package]]
category = "main"
description = "Composable command line interface toolkit"
name = "click"
optional = false
python-versions = ">=2.7, !=3.0.*, !=3.1.*, !=3.2.*, !=3.3.*, !=3.4.*"
version = "7.1.2"

[[package]]
category = "main"
description = "Cross-platform colored terminal text."
name = "colorama"
optional = false
python-versions = ">=2.7, !=3.0.*, !=3.1.*, !=3.2.*, !=3.3.*, !=3.4.*"
version = "0.4.3"

[[package]]
category = "main"
description = "An implementation of JSON Reference for Python"
name = "jsonref"
optional = false
python-versions = "*"
version = "0.2"

[[package]]
category = "main"
description = "More routines for operating on iterables, beyond itertools"
name = "more-itertools"
optional = false
python-versions = ">=3.5"
version = "8.3.0"

[[package]]
category = "main"
description = ""
name = "oactool"
optional = false
python-versions = ">=3.8,<4.0"
version = "0.1.2"

[package.dependencies]
click = ">=7.1.2,<8.0.0"
colorama = ">=0.4.3,<0.5.0"
jsonref = ">=0.2,<0.3"
more-itertools = ">=8.3.0,<9.0.0"
pydantic = ">=1.5.1,<2.0.0"

[[package]]
category = "main"
description = "Data validation and settings management using python 3.6 type hinting"
name = "pydantic"
optional = false
python-versions = ">=3.6"
version = "1.5.1"

[package.extras]
dotenv = ["python-dotenv (>=0.10.4)"]
email = ["email-validator (>=1.0.3)"]
typing_extensions = ["typing-extensions (>=3.7.2)"]

[metadata]
content-hash = "93c8d71afb5fcfec1762e8b704cec27e5bb177d086aef59fd63e2e141acaf947"
python-versions = "^3.8"

[metadata.files]
click = [
    {file = "click-7.1.2-py2.py3-none-any.whl", hash = "sha256:dacca89f4bfadd5de3d7489b7c8a566eee0d3676333fbb50030263894c38c0dc"},
    {file = "click-7.1.2.tar.gz", hash = "sha256:d2b5255c7c6349bc1bd1e59e08cd12acbbd63ce649f2588755783aa94dfb6b1a"},
]
colorama = [
    {file = "colorama-0.4.3-py2.py3-none-any.whl", hash = "sha256:7d73d2a99753107a36ac6b455ee49046802e59d9d076ef8e47b61499fa29afff"},
    {file = "colorama-0.4.3.tar.gz", hash = "sha256:e96da0d330793e2cb9485e9ddfd918d456036c7149416295932478192f4436a1"},
]
jsonref = [
    {file = "jsonref-0.2-py3-none-any.whl", hash = "sha256:b1e82fa0b62e2c2796a13e5401fe51790b248f6d9bf9d7212a3e31a3501b291f"},
    {file = "jsonref-0.2.tar.gz", hash = "sha256:f3c45b121cf6257eafabdc3a8008763aed1cd7da06dbabc59a9e4d2a5e4e6697"},
]
more-itertools = [
    {file = "more-itertools-8.3.0.tar.gz", hash = "sha256:558bb897a2232f5e4f8e2399089e35aecb746e1f9191b6584a151647e89267be"},
    {file = "more_itertools-8.3.0-py3-none-any.whl", hash = "sha256:7818f596b1e87be009031c7653d01acc46ed422e6656b394b0f765ce66ed4982"},
]
oactool = [
    {file = "oactool-0.1.2-py3-none-any.whl", hash = "sha256:ec5e8fa030a21996cd1104d9e502841ce3dabc26a41d1335949c2fce91149054"},
    {file = "oactool-0.1.2.tar.gz", hash = "sha256:7159c2be60a9a886091524f1b6410cdcfd679b206adb5c60a181c3238950b495"},
]
pydantic = [
    {file = "pydantic-1.5.1-cp36-cp36m-macosx_10_9_x86_64.whl", hash = "sha256:2a6904e9f18dea58f76f16b95cba6a2f20b72d787abd84ecd67ebc526e61dce6"},
    {file = "pydantic-1.5.1-cp36-cp36m-manylinux1_i686.whl", hash = "sha256:da8099fca5ee339d5572cfa8af12cf0856ae993406f0b1eb9bb38c8a660e7416"},
    {file = "pydantic-1.5.1-cp36-cp36m-manylinux2014_i686.whl", hash = "sha256:68dece67bff2b3a5cc188258e46b49f676a722304f1c6148ae08e9291e284d98"},
    {file = "pydantic-1.5.1-cp36-cp36m-manylinux2014_x86_64.whl", hash = "sha256:ab863853cb502480b118187d670f753be65ec144e1654924bec33d63bc8b3ce2"},
    {file = "pydantic-1.5.1-cp36-cp36m-win_amd64.whl", hash = "sha256:2007eb062ed0e57875ce8ead12760a6e44bf5836e6a1a7ea81d71eeecf3ede0f"},
    {file = "pydantic-1.5.1-cp37-cp37m-macosx_10_9_x86_64.whl", hash = "sha256:20a15a303ce1e4d831b4e79c17a4a29cb6740b12524f5bba3ea363bff65732bc"},
    {file = "pydantic-1.5.1-cp37-cp37m-manylinux1_i686.whl", hash = "sha256:473101121b1bd454c8effc9fe66d54812fdc128184d9015c5aaa0d4e58a6d338"},
    {file = "pydantic-1.5.1-cp37-cp37m-manylinux2014_i686.whl", hash = "sha256:9be755919258d5d168aeffbe913ed6e8bd562e018df7724b68cabdee3371e331"},
    {file = "pydantic-1.5.1-cp37-cp37m-manylinux2014_x86_64.whl", hash = "sha256:b96ce81c4b5ca62ab81181212edfd057beaa41411cd9700fbcb48a6ba6564b4e"},
    {file = "pydantic-1.5.1-cp37-cp37m-win_amd64.whl", hash = "sha256:93b9f265329d9827f39f0fca68f5d72cc8321881cdc519a1304fa73b9f8a75bd"},
    {file = "pydantic-1.5.1-cp38-cp38-macosx_10_9_x86_64.whl", hash = "sha256:e2c753d355126ddd1eefeb167fa61c7037ecd30b98e7ebecdc0d1da463b4ea09"},
    {file = "pydantic-1.5.1-cp38-cp38-manylinux1_i686.whl", hash = "sha256:8433dbb87246c0f562af75d00fa80155b74e4f6924b0db6a2078a3cd2f11c6c4"},
    {file = "pydantic-1.5.1-cp38-cp38-manylinux2014_i686.whl", hash = "sha256:0a1cdf24e567d42dc762d3fed399bd211a13db2e8462af9dfa93b34c41648efb"},
    {file = "pydantic-1.5.1-cp38-cp38-manylinux2014_x86_64.whl", hash = "sha256:8be325fc9da897029ee48d1b5e40df817d97fe969f3ac3fd2434ba7e198c55d5"},
    {file = "pydantic-1.5.1-cp38-cp38-win_amd64.whl", hash = "sha256:3714a4056f5bdbecf3a41e0706ec9b228c9513eee2ad884dc2c568c4dfa540e9"},
    {file = "pydantic-1.5.1-py36.py37.py38-none-any.whl", hash = "sha256:70f27d2f0268f490fe3de0a9b6fca7b7492b8fd6623f9fecd25b221ebee385e3"},
    {file = "pydantic-1.5.1.tar.gz", hash = "sha256:f0018613c7a0d19df3240c2a913849786f21b6539b9f23d85ce4067489dfacfa"},
]
